
Microsoft Visual Studio Solution File, Format Version 12.00
# Visual Studio Version 17
VisualStudioVersion = 17.0.31903.59
MinimumVisualStudioVersion = 10.0.40219.1
Project("{FAE04EC0-301F-11D3-BF4B-00C04F79EFBC}") = "Domain", "Domain\Domain.csproj", "{C5D374B2-37CC-4C78-B65A-51E48AADF93C}"
EndProject
Project("{FAE04EC0-301F-11D3-BF4B-00C04F79EFBC}") = "Persistence", "Persistence\Persistence.csproj", "{8EC811F1-1B40-48C2-AEEE-A9B8C4DB717F}"
EndProject
Project("{FAE04EC0-301F-11D3-BF4B-00C04F79EFBC}") = "Appliaction", "Appliaction\Appliaction.csproj", "{573775B6-B211-4369-B0E5-5E58E7B9FF47}"
EndProject
Project("{FAE04EC0-301F-11D3-BF4B-00C04F79EFBC}") = "Infrastructure", "Infrastructure\Infrastructure.csproj", "{3E950B26-8ABF-4480-B97A-88C58E8B33ED}"
EndProject
Global
	GlobalSection(SolutionConfigurationPlatforms) = preSolution
		Debug|Any CPU = Debug|Any CPU
		Release|Any CPU = Release|Any CPU
	EndGlobalSection
	GlobalSection(ProjectConfigurationPlatforms) = postSolution
		{C5D374B2-37CC-4C78-B65A-51E48AADF93C}.Debug|Any CPU.ActiveCfg = Debug|Any CPU
		{C5D374B2-37CC-4C78-B65A-51E48AADF93C}.Debug|Any CPU.Build.0 = Debug|Any CPU
		{C5D374B2-37CC-4C78-B65A-51E48AADF93C}.Release|Any CPU.ActiveCfg = Release|Any CPU
		{C5D374B2-37CC-4C78-B65A-51E48AADF93C}.Release|Any CPU.Build.0 = Release|Any CPU
		{8EC811F1-1B40-48C2-AEEE-A9B8C4DB717F}.Debug|Any CPU.ActiveCfg = Debug|Any CPU
		{8EC811F1-1B40-48C2-AEEE-A9B8C4DB717F}.Debug|Any CPU.Build.0 = Debug|Any CPU
		{8EC811F1-1B40-48C2-AEEE-A9B8C4DB717F}.Release|Any CPU.ActiveCfg = Release|Any CPU
		{8EC811F1-1B40-48C2-AEEE-A9B8C4DB717F}.Release|Any CPU.Build.0 = Release|Any CPU
		{573775B6-B211-4369-B0E5-5E58E7B9FF47}.Debug|Any CPU.ActiveCfg = Debug|Any CPU
		{573775B6-B211-4369-B0E5-5E58E7B9FF47}.Debug|Any CPU.Build.0 = Debug|Any CPU
		{573775B6-B211-4369-B0E5-5E58E7B9FF47}.Release|Any CPU.ActiveCfg = Release|Any CPU
		{573775B6-B211-4369-B0E5-5E58E7B9FF47}.Release|Any CPU.Build.0 = Release|Any CPU
		{3E950B26-8ABF-4480-B97A-88C58E8B33ED}.Debug|Any CPU.ActiveCfg = Debug|Any CPU
		{3E950B26-8ABF-4480-B97A-88C58E8B33ED}.Debug|Any CPU.Build.0 = Debug|Any CPU
		{3E950B26-8ABF-4480-B97A-88C58E8B33ED}.Release|Any CPU.ActiveCfg = Release|Any CPU
		{3E950B26-8ABF-4480-B97A-88C58E8B33ED}.Release|Any CPU.Build.0 = Release|Any CPU
	EndGlobalSection
	GlobalSection(SolutionProperties) = preSolution
		HideSolutionNode = FALSE
	EndGlobalSection
	GlobalSection(ExtensibilityGlobals) = postSolution
		SolutionGuid = {E73FF339-EEC7-43DC-B62F-43DAFC5F51D7}
	EndGlobalSection
EndGlobal
